
Microsoft Visual Studio Solution File, Format Version 12.00
# Visual Studio Version 16
VisualStudioVersion = 16.0.31205.134
MinimumVisualStudioVersion = 10.0.40219.1
Project("{9A19103F-16F7-4668-BE54-9A1E7A4F7556}") = "Designer.Service.API", "Designer.Service.API\Designer.Service.API.csproj", "{B1A9D798-A501-4CF3-A3B7-F45D013D64AF}"
EndProject
Project("{FAE04EC0-301F-11D3-BF4B-00C04F79EFBC}") = "Designer.Common", "Designer.Common\Designer.Common.csproj", "{7DA667BB-4312-4DBF-BE0D-BCFDF046031A}"
EndProject
Global
	GlobalSection(SolutionConfigurationPlatforms) = preSolution
		Debug|Any CPU = Debug|Any CPU
		Release|Any CPU = Release|Any CPU
	EndGlobalSection
	GlobalSection(ProjectConfigurationPlatforms) = postSolution
		{B1A9D798-A501-4CF3-A3B7-F45D013D64AF}.Debug|Any CPU.ActiveCfg = Debug|Any CPU
		{B1A9D798-A501-4CF3-A3B7-F45D013D64AF}.Debug|Any CPU.Build.0 = Debug|Any CPU
		{B1A9D798-A501-4CF3-A3B7-F45D013D64AF}.Release|Any CPU.ActiveCfg = Release|Any CPU
		{B1A9D798-A501-4CF3-A3B7-F45D013D64AF}.Release|Any CPU.Build.0 = Release|Any CPU
		{7DA667BB-4312-4DBF-BE0D-BCFDF046031A}.Debug|Any CPU.ActiveCfg = Debug|Any CPU
		{7DA667BB-4312-4DBF-BE0D-BCFDF046031A}.Debug|Any CPU.Build.0 = Debug|Any CPU
		{7DA667BB-4312-4DBF-BE0D-BCFDF046031A}.Release|Any CPU.ActiveCfg = Release|Any CPU
		{7DA667BB-4312-4DBF-BE0D-BCFDF046031A}.Release|Any CPU.Build.0 = Release|Any CPU
	EndGlobalSection
	GlobalSection(SolutionProperties) = preSolution
		HideSolutionNode = FALSE
	EndGlobalSection
	GlobalSection(ExtensibilityGlobals) = postSolution
		SolutionGuid = {92F51D85-9D65-4D05-8958-BEADAA51FDA6}
	EndGlobalSection
EndGlobal
